
Microsoft Visual Studio Solution File, Format Version 12.00
# Visual Studio Version 17
VisualStudioVersion = 17.5.33627.172
MinimumVisualStudioVersion = 10.0.40219.1
Project("{FAE04EC0-301F-11D3-BF4B-00C04F79EFBC}") = "RabbitSender", "RabbitSender\RabbitSender.csproj", "{6A028704-0B2A-49A2-A68A-21C07A8BE51E}"
EndProject
Project("{FAE04EC0-301F-11D3-BF4B-00C04F79EFBC}") = "RabbitReceiver1", "RabbitReceiver1\RabbitReceiver1.csproj", "{D84D6672-0B4E-4574-81A7-4BE87D3E70E8}"
EndProject
Project("{FAE04EC0-301F-11D3-BF4B-00C04F79EFBC}") = "RabbitReceiver2", "RabbitReceiver2\RabbitReceiver2.csproj", "{DFD43036-AD56-4CC7-9EB0-0180F9BF79C2}"
EndProject
Global
	GlobalSection(SolutionConfigurationPlatforms) = preSolution
		Debug|Any CPU = Debug|Any CPU
		Release|Any CPU = Release|Any CPU
	EndGlobalSection
	GlobalSection(ProjectConfigurationPlatforms) = postSolution
		{6A028704-0B2A-49A2-A68A-21C07A8BE51E}.Debug|Any CPU.ActiveCfg = Debug|Any CPU
		{6A028704-0B2A-49A2-A68A-21C07A8BE51E}.Debug|Any CPU.Build.0 = Debug|Any CPU
		{6A028704-0B2A-49A2-A68A-21C07A8BE51E}.Release|Any CPU.ActiveCfg = Release|Any CPU
		{6A028704-0B2A-49A2-A68A-21C07A8BE51E}.Release|Any CPU.Build.0 = Release|Any CPU
		{D84D6672-0B4E-4574-81A7-4BE87D3E70E8}.Debug|Any CPU.ActiveCfg = Debug|Any CPU
		{D84D6672-0B4E-4574-81A7-4BE87D3E70E8}.Debug|Any CPU.Build.0 = Debug|Any CPU
		{D84D6672-0B4E-4574-81A7-4BE87D3E70E8}.Release|Any CPU.ActiveCfg = Release|Any CPU
		{D84D6672-0B4E-4574-81A7-4BE87D3E70E8}.Release|Any CPU.Build.0 = Release|Any CPU
		{DFD43036-AD56-4CC7-9EB0-0180F9BF79C2}.Debug|Any CPU.ActiveCfg = Debug|Any CPU
		{DFD43036-AD56-4CC7-9EB0-0180F9BF79C2}.Debug|Any CPU.Build.0 = Debug|Any CPU
		{DFD43036-AD56-4CC7-9EB0-0180F9BF79C2}.Release|Any CPU.ActiveCfg = Release|Any CPU
		{DFD43036-AD56-4CC7-9EB0-0180F9BF79C2}.Release|Any CPU.Build.0 = Release|Any CPU
	EndGlobalSection
	GlobalSection(SolutionProperties) = preSolution
		HideSolutionNode = FALSE
	EndGlobalSection
	GlobalSection(ExtensibilityGlobals) = postSolution
		SolutionGuid = {E5C05618-B928-4369-AAC9-8CD5C4AF1D41}
	EndGlobalSection
EndGlobal
